
Microsoft Visual Studio Solution File, Format Version 12.00
# Visual Studio Version 16
VisualStudioVersion = 16.0.29230.47
MinimumVisualStudioVersion = 10.0.40219.1
Project("{9A19103F-16F7-4668-BE54-9A1E7A4F7556}") = "Movies", "Movies\Movies.csproj", "{6AA811E1-CD36-4230-9450-4D0356B1428C}"
EndProject
Global
	GlobalSection(SolutionConfigurationPlatforms) = preSolution
		Debug|Any CPU = Debug|Any CPU
		Release|Any CPU = Release|Any CPU
	EndGlobalSection
	GlobalSection(ProjectConfigurationPlatforms) = postSolution
		{6AA811E1-CD36-4230-9450-4D0356B1428C}.Debug|Any CPU.ActiveCfg = Debug|Any CPU
		{6AA811E1-CD36-4230-9450-4D0356B1428C}.Debug|Any CPU.Build.0 = Debug|Any CPU
		{6AA811E1-CD36-4230-9450-4D0356B1428C}.Release|Any CPU.ActiveCfg = Release|Any CPU
		{6AA811E1-CD36-4230-9450-4D0356B1428C}.Release|Any CPU.Build.0 = Release|Any CPU
	EndGlobalSection
	GlobalSection(SolutionProperties) = preSolution
		HideSolutionNode = FALSE
	EndGlobalSection
	GlobalSection(ExtensibilityGlobals) = postSolution
		SolutionGuid = {6827B737-0BCE-4385-83C6-E3E1BFB6D65A}
	EndGlobalSection
EndGlobal
